// !$*UTF8*$!
{
	archiveVersion = 1;
	classes = {
	};
	objectVersion = 50;
	objects = {

/* Begin PBXBuildFile section */
		59B20BED246EBCA000D6B7C6 /* AppDelegate.swift in Sources */ = {isa = PBXBuildFile; fileRef = 59B20BEC246EBCA000D6B7C6 /* AppDelegate.swift */; };
		59B20BEF246EBCA000D6B7C6 /* SceneDelegate.swift in Sources */ = {isa = PBXBuildFile; fileRef = 59B20BEE246EBCA000D6B7C6 /* SceneDelegate.swift */; };
		59B20BF1246EBCA000D6B7C6 /* ViewController.swift in Sources */ = {isa = PBXBuildFile; fileRef = 59B20BF0246EBCA000D6B7C6 /* ViewController.swift */; };
		59B20BF4246EBCA000D6B7C6 /* Main.storyboard in Resources */ = {isa = PBXBuildFile; fileRef = 59B20BF2246EBCA000D6B7C6 /* Main.storyboard */; };
		59B20BF6246EBCA200D6B7C6 /* Assets.xcassets in Resources */ = {isa = PBXBuildFile; fileRef = 59B20BF5246EBCA200D6B7C6 /* Assets.xcassets */; };
		59B20BF9246EBCA200D6B7C6 /* LaunchScreen.storyboard in Resources */ = {isa = PBXBuildFile; fileRef = 59B20BF7246EBCA200D6B7C6 /* LaunchScreen.storyboard */; };
		59B20C04246EBCA200D6B7C6 /* I_am_PoorTests.swift in Sources */ = {isa = PBXBuildFile; fileRef = 59B20C03246EBCA200D6B7C6 /* I_am_PoorTests.swift */; };
		59B20C0F246EBCA200D6B7C6 /* I_am_PoorUITests.swift in Sources */ = {isa = PBXBuildFile; fileRef = 59B20C0E246EBCA200D6B7C6 /* I_am_PoorUITests.swift */; };
/* End PBXBuildFile section */

/* Begin PBXContainerItemProxy section */
		59B20C00246EBCA200D6B7C6 /* PBXContainerItemProxy */ = {
			isa = PBXContainerItemProxy;
			containerPortal = 59B20BE1246EBCA000D6B7C6 /* Project object */;
			proxyType = 1;
			remoteGlobalIDString = 59B20BE8246EBCA000D6B7C6;
			remoteInfo = "I am Poor";
		};
		59B20C0B246EBCA200D6B7C6 /* PBXContainerItemProxy */ = {
			isa = PBXContainerItemProxy;
			containerPortal = 59B20BE1246EBCA000D6B7C6 /* Project object */;
			proxyType = 1;
			remoteGlobalIDString = 59B20BE8246EBCA000D6B7C6;
			remoteInfo = "I am Poor";
		};
/* End PBXContainerItemProxy section */

/* Begin PBXFileReference section */
		59B20BE9246EBCA000D6B7C6 /* I am Poor.app */ = {isa = PBXFileReference; explicitFileType = wrapper.application; includeInIndex = 0; path = "I am Poor.app"; sourceTree = BUILT_PRODUCTS_DIR; };
		59B20BEC246EBCA000D6B7C6 /* AppDelegate.swift */ = {isa = PBXFileReference; lastKnownFileType = sourcecode.swift; path = AppDelegate.swift; sourceTree = "<group>"; };
		59B20BEE246EBCA000D6B7C6 /* SceneDelegate.swift */ = {isa = PBXFileReference; lastKnownFileType = sourcecode.swift; path = SceneDelegate.swift; sourceTree = "<group>"; };
		59B20BF0246EBCA000D6B7C6 /* ViewController.swift */ = {isa = PBXFileReference; lastKnownFileType = sourcecode.swift; path = ViewController.swift; sourceTree = "<group>"; };
		59B20BF3246EBCA000D6B7C6 /* Base */ = {isa = PBXFileReference; lastKnownFileType = file.storyboard; name = Base; path = Base.lproj/Main.storyboard; sourceTree = "<group>"; };
		59B20BF5246EBCA200D6B7C6 /* Assets.xcassets */ = {isa = PBXFileReference; lastKnownFileType = folder.assetcatalog; path = Assets.xcassets; sourceTree = "<group>"; };
		59B20BF8246EBCA200D6B7C6 /* Base */ = {isa = PBXFileReference; lastKnownFileType = file.storyboard; name = Base; path = Base.lproj/LaunchScreen.storyboard; sourceTree = "<group>"; };
		59B20BFA246EBCA200D6B7C6 /* Info.plist */ = {isa = PBXFileReference; lastKnownFileType = text.plist.xml; path = Info.plist; sourceTree = "<group>"; };
		59B20BFF246EBCA200D6B7C6 /* I am PoorTests.xctest */ = {isa = PBXFileReference; explicitFileType = wrapper.cfbundle; includeInIndex = 0; path = "I am PoorTests.xctest"; sourceTree = BUILT_PRODUCTS_DIR; };
		59B20C03246EBCA200D6B7C6 /* I_am_PoorTests.swift */ = {isa = PBXFileReference; lastKnownFileType = sourcecode.swift; path = I_am_PoorTests.swift; sourceTree = "<group>"; };
		59B20C05246EBCA200D6B7C6 /* Info.plist */ = {isa = PBXFileReference; lastKnownFileType = text.plist.xml; path = Info.plist; sourceTree = "<group>"; };
		59B20C0A246EBCA200D6B7C6 /* I am PoorUITests.xctest */ = {isa = PBXFileReference; explicitFileType = wrapper.cfbundle; includeInIndex = 0; path = "I am PoorUITests.xctest"; sourceTree = BUILT_PRODUCTS_DIR; };
		59B20C0E246EBCA200D6B7C6 /* I_am_PoorUITests.swift */ = {isa = PBXFileReference; lastKnownFileType = sourcecode.swift; path = I_am_PoorUITests.swift; sourceTree = "<group>"; };
		59B20C10246EBCA200D6B7C6 /* Info.plist */ = {isa = PBXFileReference; lastKnownFileType = text.plist.xml; path = Info.plist; sourceTree = "<group>"; };
/* End PBXFileReference section */

/* Begin PBXFrameworksBuildPhase section */
		59B20BE6246EBCA000D6B7C6 /* Frameworks */ = {
			isa = PBXFrameworksBuildPhase;
			buildActionMask = 2147483647;
			files = (
			);
			runOnlyForDeploymentPostprocessing = 0;
		};
		59B20BFC246EBCA200D6B7C6 /* Frameworks */ = {
			isa = PBXFrameworksBuildPhase;
			buildActionMask = 2147483647;
			files = (
			);
			runOnlyForDeploymentPostprocessing = 0;
		};
		59B20C07246EBCA200D6B7C6 /* Frameworks */ = {
			isa = PBXFrameworksBuildPhase;
			buildActionMask = 2147483647;
			files = (
			);
			runOnlyForDeploymentPostprocessing = 0;
		};
/* End PBXFrameworksBuildPhase section */

/* Begin PBXGroup section */
		59B20BE0246EBCA000D6B7C6 = {
			isa = PBXGroup;
			children = (
				59B20BEB246EBCA000D6B7C6 /* I am Poor */,
				59B20C02246EBCA200D6B7C6 /* I am PoorTests */,
				59B20C0D246EBCA200D6B7C6 /* I am PoorUITests */,
				59B20BEA246EBCA000D6B7C6 /* Products */,
			);
			sourceTree = "<group>";
		};
		59B20BEA246EBCA000D6B7C6 /* Products */ = {
			isa = PBXGroup;
			children = (
				59B20BE9246EBCA000D6B7C6 /* I am Poor.app */,
				59B20BFF246EBCA200D6B7C6 /* I am PoorTests.xctest */,
				59B20C0A246EBCA200D6B7C6 /* I am PoorUITests.xctest */,
			);
			name = Products;
			sourceTree = "<group>";
		};
		59B20BEB246EBCA000D6B7C6 /* I am Poor */ = {
			isa = PBXGroup;
			children = (
				59B20BEC246EBCA000D6B7C6 /* AppDelegate.swift */,
				59B20BEE246EBCA000D6B7C6 /* SceneDelegate.swift */,
				59B20BF0246EBCA000D6B7C6 /* ViewController.swift */,
				59B20BF2246EBCA000D6B7C6 /* Main.storyboard */,
				59B20BF5246EBCA200D6B7C6 /* Assets.xcassets */,
				59B20BF7246EBCA200D6B7C6 /* LaunchScreen.storyboard */,
				59B20BFA246EBCA200D6B7C6 /* Info.plist */,
			);
			path = "I am Poor";
			sourceTree = "<group>";
		};
		59B20C02246EBCA200D6B7C6 /* I am PoorTests */ = {
			isa = PBXGroup;
			children = (
				59B20C03246EBCA200D6B7C6 /* I_am_PoorTests.swift */,
				59B20C05246EBCA200D6B7C6 /* Info.plist */,
			);
			path = "I am PoorTests";
			sourceTree = "<group>";
		};
		59B20C0D246EBCA200D6B7C6 /* I am PoorUITests */ = {
			isa = PBXGroup;
			children = (
				59B20C0E246EBCA200D6B7C6 /* I_am_PoorUITests.swift */,
				59B20C10246EBCA200D6B7C6 /* Info.plist */,
			);
			path = "I am PoorUITests";
			sourceTree = "<group>";
		};
/* End PBXGroup section */

/* Begin PBXNativeTarget section */
		59B20BE8246EBCA000D6B7C6 /* I am Poor */ = {
			isa = PBXNativeTarget;
			buildConfigurationList = 59B20C13246EBCA200D6B7C6 /* Build configuration list for PBXNativeTarget "I am Poor" */;
			buildPhases = (
				59B20BE5246EBCA000D6B7C6 /* Sources */,
				59B20BE6246EBCA000D6B7C6 /* Frameworks */,
				59B20BE7246EBCA000D6B7C6 /* Resources */,
			);
			buildRules = (
			);
			dependencies = (
			);
			name = "I am Poor";
			productName = "I am Poor";
			productReference = 59B20BE9246EBCA000D6B7C6 /* I am Poor.app */;
			productType = "com.apple.product-type.application";
		};
		59B20BFE246EBCA200D6B7C6 /* I am PoorTests */ = {
			isa = PBXNativeTarget;
			buildConfigurationList = 59B20C16246EBCA200D6B7C6 /* Build configuration list for PBXNativeTarget "I am PoorTests" */;
			buildPhases = (
				59B20BFB246EBCA200D6B7C6 /* Sources */,
				59B20BFC246EBCA200D6B7C6 /* Frameworks */,
				59B20BFD246EBCA200D6B7C6 /* Resources */,
			);
			buildRules = (
			);
			dependencies = (
				59B20C01246EBCA200D6B7C6 /* PBXTargetDependency */,
			);
			name = "I am PoorTests";
			productName = "I am PoorTests";
			productReference = 59B20BFF246EBCA200D6B7C6 /* I am PoorTests.xctest */;
			productType = "com.apple.product-type.bundle.unit-test";
		};
		59B20C09246EBCA200D6B7C6 /* I am PoorUITests */ = {
			isa = PBXNativeTarget;
			buildConfigurationList = 59B20C19246EBCA200D6B7C6 /* Build configuration list for PBXNativeTarget "I am PoorUITests" */;
			buildPhases = (
				59B20C06246EBCA200D6B7C6 /* Sources */,
				59B20C07246EBCA200D6B7C6 /* Frameworks */,
				59B20C08246EBCA200D6B7C6 /* Resources */,
			);
			buildRules = (
			);
			dependencies = (
				59B20C0C246EBCA200D6B7C6 /* PBXTargetDependency */,
			);
			name = "I am PoorUITests";
			productName = "I am PoorUITests";
			productReference = 59B20C0A246EBCA200D6B7C6 /* I am PoorUITests.xctest */;
			productType = "com.apple.product-type.bundle.ui-testing";
		};
/* End PBXNativeTarget section */

/* Begin PBXProject section */
		59B20BE1246EBCA000D6B7C6 /* Project object */ = {
			isa = PBXProject;
			attributes = {
				LastSwiftUpdateCheck = 1140;
				LastUpgradeCheck = 1140;
				ORGANIZATIONNAME = "Teguh Satya";
				TargetAttributes = {
					59B20BE8246EBCA000D6B7C6 = {
						CreatedOnToolsVersion = 11.4.1;
					};
					59B20BFE246EBCA200D6B7C6 = {
						CreatedOnToolsVersion = 11.4.1;
						TestTargetID = 59B20BE8246EBCA000D6B7C6;
					};
					59B20C09246EBCA200D6B7C6 = {
						CreatedOnToolsVersion = 11.4.1;
						TestTargetID = 59B20BE8246EBCA000D6B7C6;
					};
				};
			};
			buildConfigurationList = 59B20BE4246EBCA000D6B7C6 /* Build configuration list for PBXProject "I am Poor" */;
			compatibilityVersion = "Xcode 9.3";
			developmentRegion = en;
			hasScannedForEncodings = 0;
			knownRegions = (
				en,
				Base,
			);
			mainGroup = 59B20BE0246EBCA000D6B7C6;
			productRefGroup = 59B20BEA246EBCA000D6B7C6 /* Products */;
			projectDirPath = "";
			projectRoot = "";
			targets = (
				59B20BE8246EBCA000D6B7C6 /* I am Poor */,
				59B20BFE246EBCA200D6B7C6 /* I am PoorTests */,
				59B20C09246EBCA200D6B7C6 /* I am PoorUITests */,
			);
		};
/* End PBXProject section */

/* Begin PBXResourcesBuildPhase section */
		59B20BE7246EBCA000D6B7C6 /* Resources */ = {
			isa = PBXResourcesBuildPhase;
			buildActionMask = 2147483647;
			files = (
				59B20BF9246EBCA200D6B7C6 /* LaunchScreen.storyboard in Resources */,
				59B20BF6246EBCA200D6B7C6 /* Assets.xcassets in Resources */,
				59B20BF4246EBCA000D6B7C6 /* Main.storyboard in Resources */,
			);
			runOnlyForDeploymentPostprocessing = 0;
		};
		59B20BFD246EBCA200D6B7C6 /* Resources */ = {
			isa = PBXResourcesBuildPhase;
			buildActionMask = 2147483647;
			files = (
			);
			runOnlyForDeploymentPostprocessing = 0;
		};
		59B20C08246EBCA200D6B7C6 /* Resources */ = {
			isa = PBXResourcesBuildPhase;
			buildActionMask = 2147483647;
			files = (
			);
			runOnlyForDeploymentPostprocessing = 0;
		};
/* End PBXResourcesBuildPhase section */

/* Begin PBXSourcesBuildPhase section */
		59B20BE5246EBCA000D6B7C6 /* Sources */ = {
			isa = PBXSourcesBuildPhase;
			buildActionMask = 2147483647;
			files = (
				59B20BF1246EBCA000D6B7C6 /* ViewController.swift in Sources */,
				59B20BED246EBCA000D6B7C6 /* AppDelegate.swift in Sources */,
				59B20BEF246EBCA000D6B7C6 /* SceneDelegate.swift in Sources */,
			);
			runOnlyForDeploymentPostprocessing = 0;
		};
		59B20BFB246EBCA200D6B7C6 /* Sources */ = {
			isa = PBXSourcesBuildPhase;
			buildActionMask = 2147483647;
			files = (
				59B20C04246EBCA200D6B7C6 /* I_am_PoorTests.swift in Sources */,
			);
			runOnlyForDeploymentPostprocessing = 0;
		};
		59B20C06246EBCA200D6B7C6 /* Sources */ = {
			isa = PBXSourcesBuildPhase;
			buildActionMask = 2147483647;
			files = (
				59B20C0F246EBCA200D6B7C6 /* I_am_PoorUITests.swift in Sources */,
			);
			runOnlyForDeploymentPostprocessing = 0;
		};
/* End PBXSourcesBuildPhase section */

/* Begin PBXTargetDependency section */
		59B20C01246EBCA200D6B7C6 /* PBXTargetDependency */ = {
			isa = PBXTargetDependency;
			target = 59B20BE8246EBCA000D6B7C6 /* I am Poor */;
			targetProxy = 59B20C00246EBCA200D6B7C6 /* PBXContainerItemProxy */;
		};
		59B20C0C246EBCA200D6B7C6 /* PBXTargetDependency */ = {
			isa = PBXTargetDependency;
			target = 59B20BE8246EBCA000D6B7C6 /* I am Poor */;
			targetProxy = 59B20C0B246EBCA200D6B7C6 /* PBXContainerItemProxy */;
		};
/* End PBXTargetDependency section */

/* Begin PBXVariantGroup section */
		59B20BF2246EBCA000D6B7C6 /* Main.storyboard */ = {
			isa = PBXVariantGroup;
			children = (
				59B20BF3246EBCA000D6B7C6 /* Base */,
			);
			name = Main.storyboard;
			sourceTree = "<group>";
		};
		59B20BF7246EBCA200D6B7C6 /* LaunchScreen.storyboard */ = {
			isa = PBXVariantGroup;
			children = (
				59B20BF8246EBCA200D6B7C6 /* Base */,
			);
			name = LaunchScreen.storyboard;
			sourceTree = "<group>";
		};
/* End PBXVariantGroup section */

/* Begin XCBuildConfiguration section */
		59B20C11246EBCA200D6B7C6 /* Debug */ = {
			isa = XCBuildConfiguration;
			buildSettings = {
				ALWAYS_SEARCH_USER_PATHS = NO;
				CLANG_ANALYZER_NONNULL = YES;
				CLANG_ANALYZER_NUMBER_OBJECT_CONVERSION = YES_AGGRESSIVE;
				CLANG_CXX_LANGUAGE_STANDARD = "gnu++14";
				CLANG_CXX_LIBRARY = "libc++";
				CLANG_ENABLE_MODULES = YES;
				CLANG_ENABLE_OBJC_ARC = YES;
				CLANG_ENABLE_OBJC_WEAK = YES;
				CLANG_WARN_BLOCK_CAPTURE_AUTORELEASING = YES;
				CLANG_WARN_BOOL_CONVERSION = YES;
				CLANG_WARN_COMMA = YES;
				CLANG_WARN_CONSTANT_CONVERSION = YES;
				CLANG_WARN_DEPRECATED_OBJC_IMPLEMENTATIONS = YES;
				CLANG_WARN_DIRECT_OBJC_ISA_USAGE = YES_ERROR;
				CLANG_WARN_DOCUMENTATION_COMMENTS = YES;
				CLANG_WARN_EMPTY_BODY = YES;
				CLANG_WARN_ENUM_CONVERSION = YES;
				CLANG_WARN_INFINITE_RECURSION = YES;
				CLANG_WARN_INT_CONVERSION = YES;
				CLANG_WARN_NON_LITERAL_NULL_CONVERSION = YES;
				CLANG_WARN_OBJC_IMPLICIT_RETAIN_SELF = YES;
				CLANG_WARN_OBJC_LITERAL_CONVERSION = YES;
				CLANG_WARN_OBJC_ROOT_CLASS = YES_ERROR;
				CLANG_WARN_RANGE_LOOP_ANALYSIS = YES;
				CLANG_WARN_STRICT_PROTOTYPES = YES;
				CLANG_WARN_SUSPICIOUS_MOVE = YES;
				CLANG_WARN_UNGUARDED_AVAILABILITY = YES_AGGRESSIVE;
				CLANG_WARN_UNREACHABLE_CODE = YES;
				CLANG_WARN__DUPLICATE_METHOD_MATCH = YES;
				COPY_PHASE_STRIP = NO;
				DEBUG_INFORMATION_FORMAT = dwarf;
				ENABLE_STRICT_OBJC_MSGSEND = YES;
				ENABLE_TESTABILITY = YES;
				GCC_C_LANGUAGE_STANDARD = gnu11;
				GCC_DYNAMIC_NO_PIC = NO;
				GCC_NO_COMMON_BLOCKS = YES;
				GCC_OPTIMIZATION_LEVEL = 0;
				GCC_PREPROCESSOR_DEFINITIONS = (
					"DEBUG=1",
					"$(inherited)",
				);
				GCC_WARN_64_TO_32_BIT_CONVERSION = YES;
				GCC_WARN_ABOUT_RETURN_TYPE = YES_ERROR;
				GCC_WARN_UNDECLARED_SELECTOR = YES;
				GCC_WARN_UNINITIALIZED_AUTOS = YES_AGGRESSIVE;
				GCC_WARN_UNUSED_FUNCTION = YES;
				GCC_WARN_UNUSED_VARIABLE = YES;
				IPHONEOS_DEPLOYMENT_TARGET = 13.4;
				MTL_ENABLE_DEBUG_INFO = INCLUDE_SOURCE;
				MTL_FAST_MATH = YES;
				ONLY_ACTIVE_ARCH = YES;
				SDKROOT = iphoneos;
				SWIFT_ACTIVE_COMPILATION_CONDITIONS = DEBUG;
				SWIFT_OPTIMIZATION_LEVEL = "-Onone";
			};
			name = Debug;
		};
		59B20C12246EBCA200D6B7C6 /* Release */ = {
			isa = XCBuildConfiguration;
			buildSettings = {
				ALWAYS_SEARCH_USER_PATHS = NO;
				CLANG_ANALYZER_NONNULL = YES;
				CLANG_ANALYZER_NUMBER_OBJECT_CONVERSION = YES_AGGRESSIVE;
				CLANG_CXX_LANGUAGE_STANDARD = "gnu++14";
				CLANG_CXX_LIBRARY = "libc++";
				CLANG_ENABLE_MODULES = YES;
				CLANG_ENABLE_OBJC_ARC = YES;
				CLANG_ENABLE_OBJC_WEAK = YES;
				CLANG_WARN_BLOCK_CAPTURE_AUTORELEASING = YES;
				CLANG_WARN_BOOL_CONVERSION = YES;
				CLANG_WARN_COMMA = YES;
				CLANG_WARN_CONSTANT_CONVERSION = YES;
				CLANG_WARN_DEPRECATED_OBJC_IMPLEMENTATIONS = YES;
				CLANG_WARN_DIRECT_OBJC_ISA_USAGE = YES_ERROR;
				CLANG_WARN_DOCUMENTATION_COMMENTS = YES;
				CLANG_WARN_EMPTY_BODY = YES;
				CLANG_WARN_ENUM_CONVERSION = YES;
				CLANG_WARN_INFINITE_RECURSION = YES;
				CLANG_WARN_INT_CONVERSION = YES;
				CLANG_WARN_NON_LITERAL_NULL_CONVERSION = YES;
				CLANG_WARN_OBJC_IMPLICIT_RETAIN_SELF = YES;
				CLANG_WARN_OBJC_LITERAL_CONVERSION = YES;
				CLANG_WARN_OBJC_ROOT_CLASS = YES_ERROR;
				CLANG_WARN_RANGE_LOOP_ANALYSIS = YES;
				CLANG_WARN_STRICT_PROTOTYPES = YES;
				CLANG_WARN_SUSPICIOUS_MOVE = YES;
				CLANG_WARN_UNGUARDED_AVAILABILITY = YES_AGGRESSIVE;
				CLANG_WARN_UNREACHABLE_CODE = YES;
				CLANG_WARN__DUPLICATE_METHOD_MATCH = YES;
				COPY_PHASE_STRIP = NO;
				DEBUG_INFORMATION_FORMAT = "dwarf-with-dsym";
				ENABLE_NS_ASSERTIONS = NO;
				ENABLE_STRICT_OBJC_MSGSEND = YES;
				GCC_C_LANGUAGE_STANDARD = gnu11;
				GCC_NO_COMMON_BLOCKS = YES;
				GCC_WARN_64_TO_32_BIT_CONVERSION = YES;
				GCC_WARN_ABOUT_RETURN_TYPE = YES_ERROR;
				GCC_WARN_UNDECLARED_SELECTOR = YES;
				GCC_WARN_UNINITIALIZED_AUTOS = YES_AGGRESSIVE;
				GCC_WARN_UNUSED_FUNCTION = YES;
				GCC_WARN_UNUSED_VARIABLE = YES;
				IPHONEOS_DEPLOYMENT_TARGET = 13.4;
				MTL_ENABLE_DEBUG_INFO = NO;
				MTL_FAST_MATH = YES;
				SDKROOT = iphoneos;
				SWIFT_COMPILATION_MODE = wholemodule;
				SWIFT_OPTIMIZATION_LEVEL = "-O";
				VALIDATE_PRODUCT = YES;
			};
			name = Release;
		};
		59B20C14246EBCA200D6B7C6 /* Debug */ = {
			isa = XCBuildConfiguration;
			buildSettings = {
				ASSETCATALOG_COMPILER_APPICON_NAME = AppIcon;
				CODE_SIGN_STYLE = Automatic;
				DEVELOPMENT_TEAM = H9RW6T2R5W;
				INFOPLIST_FILE = "I am Poor/Info.plist";
				LD_RUNPATH_SEARCH_PATHS = (
					"$(inherited)",
					"@executable_path/Frameworks",
				);
				PRODUCT_BUNDLE_IDENTIFIER = "teguh.I-am-Poor";
				PRODUCT_NAME = "$(TARGET_NAME)";
				SWIFT_VERSION = 5.0;
				TARGETED_DEVICE_FAMILY = "1,2";
			};
			name = Debug;
		};
		59B20C15246EBCA200D6B7C6 /* Release */ = {
			isa = XCBuildConfiguration;
			buildSettings = {
				ASSETCATALOG_COMPILER_APPICON_NAME = AppIcon;
				CODE_SIGN_STYLE = Automatic;
				DEVELOPMENT_TEAM = H9RW6T2R5W;
				INFOPLIST_FILE = "I am Poor/Info.plist";
				LD_RUNPATH_SEARCH_PATHS = (
					"$(inherited)",
					"@executable_path/Frameworks",
				);
				PRODUCT_BUNDLE_IDENTIFIER = "teguh.I-am-Poor";
				PRODUCT_NAME = "$(TARGET_NAME)";
				SWIFT_VERSION = 5.0;
				TARGETED_DEVICE_FAMILY = "1,2";
			};
			name = Release;
		};
		59B20C17246EBCA200D6B7C6 /* Debug */ = {
			isa = XCBuildConfiguration;
			buildSettings = {
				ALWAYS_EMBED_SWIFT_STANDARD_LIBRARIES = YES;
				BUNDLE_LOADER = "$(TEST_HOST)";
				CODE_SIGN_STYLE = Automatic;
				DEVELOPMENT_TEAM = H9RW6T2R5W;
				INFOPLIST_FILE = "I am PoorTests/Info.plist";
				IPHONEOS_DEPLOYMENT_TARGET = 13.4;
				LD_RUNPATH_SEARCH_PATHS = (
					"$(inherited)",
					"@executable_path/Frameworks",
					"@loader_path/Frameworks",
				);
				PRODUCT_BUNDLE_IDENTIFIER = "teguh.I-am-PoorTests";
				PRODUCT_NAME = "$(TARGET_NAME)";
				SWIFT_VERSION = 5.0;
				TARGETED_DEVICE_FAMILY = "1,2";
				TEST_HOST = "$(BUILT_PRODUCTS_DIR)/I am Poor.app/I am Poor";
			};
			name = Debug;
		};
		59B20C18246EBCA200D6B7C6 /* Release */ = {
			isa = XCBuildConfiguration;
			buildSettings = {
				ALWAYS_EMBED_SWIFT_STANDARD_LIBRARIES = YES;
				BUNDLE_LOADER = "$(TEST_HOST)";
				CODE_SIGN_STYLE = Automatic;
				DEVELOPMENT_TEAM = H9RW6T2R5W;
				INFOPLIST_FILE = "I am PoorTests/Info.plist";
				IPHONEOS_DEPLOYMENT_TARGET = 13.4;
				LD_RUNPATH_SEARCH_PATHS = (
					"$(inherited)",
					"@executable_path/Frameworks",
					"@loader_path/Frameworks",
				);
				PRODUCT_BUNDLE_IDENTIFIER = "teguh.I-am-PoorTests";
				PRODUCT_NAME = "$(TARGET_NAME)";
				SWIFT_VERSION = 5.0;
				TARGETED_DEVICE_FAMILY = "1,2";
				TEST_HOST = "$(BUILT_PRODUCTS_DIR)/I am Poor.app/I am Poor";
			};
			name = Release;
		};
		59B20C1A246EBCA200D6B7C6 /* Debug */ = {
			isa = XCBuildConfiguration;
			buildSettings = {
				ALWAYS_EMBED_SWIFT_STANDARD_LIBRARIES = YES;
				CODE_SIGN_STYLE = Automatic;
				DEVELOPMENT_TEAM = H9RW6T2R5W;
				INFOPLIST_FILE = "I am PoorUITests/Info.plist";
				LD_RUNPATH_SEARCH_PATHS = (
					"$(inherited)",
					"@executable_path/Frameworks",
					"@loader_path/Frameworks",
				);
				PRODUCT_BUNDLE_IDENTIFIER = "teguh.I-am-PoorUITests";
				PRODUCT_NAME = "$(TARGET_NAME)";
				SWIFT_VERSION = 5.0;
				TARGETED_DEVICE_FAMILY = "1,2";
				TEST_TARGET_NAME = "I am Poor";
			};
			name = Debug;
		};
		59B20C1B246EBCA200D6B7C6 /* Release */ = {
			isa = XCBuildConfiguration;
			buildSettings = {
				ALWAYS_EMBED_SWIFT_STANDARD_LIBRARIES = YES;
				CODE_SIGN_STYLE = Automatic;
				DEVELOPMENT_TEAM = H9RW6T2R5W;
				INFOPLIST_FILE = "I am PoorUITests/Info.plist";
				LD_RUNPATH_SEARCH_PATHS = (
					"$(inherited)",
					"@executable_path/Frameworks",
					"@loader_path/Frameworks",
				);
				PRODUCT_BUNDLE_IDENTIFIER = "teguh.I-am-PoorUITests";
				PRODUCT_NAME = "$(TARGET_NAME)";
				SWIFT_VERSION = 5.0;
				TARGETED_DEVICE_FAMILY = "1,2";
				TEST_TARGET_NAME = "I am Poor";
			};
			name = Release;
		};
/* End XCBuildConfiguration section */

/* Begin XCConfigurationList section */
		59B20BE4246EBCA000D6B7C6 /* Build configuration list for PBXProject "I am Poor" */ = {
			isa = XCConfigurationList;
			buildConfigurations = (
				59B20C11246EBCA200D6B7C6 /* Debug */,
				59B20C12246EBCA200D6B7C6 /* Release */,
			);
			defaultConfigurationIsVisible = 0;
			defaultConfigurationName = Release;
		};
		59B20C13246EBCA200D6B7C6 /* Build configuration list for PBXNativeTarget "I am Poor" */ = {
			isa = XCConfigurationList;
			buildConfigurations = (
				59B20C14246EBCA200D6B7C6 /* Debug */,
				59B20C15246EBCA200D6B7C6 /* Release */,
			);
			defaultConfigurationIsVisible = 0;
			defaultConfigurationName = Release;
		};
		59B20C16246EBCA200D6B7C6 /* Build configuration list for PBXNativeTarget "I am PoorTests" */ = {
			isa = XCConfigurationList;
			buildConfigurations = (
				59B20C17246EBCA200D6B7C6 /* Debug */,
				59B20C18246EBCA200D6B7C6 /* Release */,
			);
			defaultConfigurationIsVisible = 0;
			defaultConfigurationName = Release;
		};
		59B20C19246EBCA200D6B7C6 /* Build configuration list for PBXNativeTarget "I am PoorUITests" */ = {
			isa = XCConfigurationList;
			buildConfigurations = (
				59B20C1A246EBCA200D6B7C6 /* Debug */,
				59B20C1B246EBCA200D6B7C6 /* Release */,
			);
			defaultConfigurationIsVisible = 0;
			defaultConfigurationName = Release;
		};
/* End XCConfigurationList section */
	};
	rootObject = 59B20BE1246EBCA000D6B7C6 /* Project object */;
}
